
Microsoft Visual Studio Solution File, Format Version 12.00
# Visual Studio Version 17
VisualStudioVersion = 17.10.35004.147
MinimumVisualStudioVersion = 10.0.40219.1
Project("{FAE04EC0-301F-11D3-BF4B-00C04F79EFBC}") = "TeacherSystem", "TeacherSystem\TeacherSystem.csproj", "{F49D404A-8877-4C26-B950-87F85BD407FF}"
EndProject
Global
	GlobalSection(SolutionConfigurationPlatforms) = preSolution
		Debug|Any CPU = Debug|Any CPU
		Release|Any CPU = Release|Any CPU
	EndGlobalSection
	GlobalSection(ProjectConfigurationPlatforms) = postSolution
		{F49D404A-8877-4C26-B950-87F85BD407FF}.Debug|Any CPU.ActiveCfg = Debug|Any CPU
		{F49D404A-8877-4C26-B950-87F85BD407FF}.Debug|Any CPU.Build.0 = Debug|Any CPU
		{F49D404A-8877-4C26-B950-87F85BD407FF}.Release|Any CPU.ActiveCfg = Release|Any CPU
		{F49D404A-8877-4C26-B950-87F85BD407FF}.Release|Any CPU.Build.0 = Release|Any CPU
	EndGlobalSection
	GlobalSection(SolutionProperties) = preSolution
		HideSolutionNode = FALSE
	EndGlobalSection
	GlobalSection(ExtensibilityGlobals) = postSolution
		SolutionGuid = {2BE498B9-28B2-4C24-85D9-F6A9CE623C14}
	EndGlobalSection
EndGlobal
